
Microsoft Visual Studio Solution File, Format Version 12.00
Project("{FAE04EC0-301F-11D3-BF4B-00C04F79EFBC}") = "Zadanie1", "Zadanie1\Zadanie1.csproj", "{D7679B1E-8E71-4A86-912A-1CE412582764}"
EndProject
Project("{FAE04EC0-301F-11D3-BF4B-00C04F79EFBC}") = "Zadanie2", "Zadanie2\Zadanie2.csproj", "{670E413D-F160-49BC-859D-A0E361E59225}"
EndProject
Global
	GlobalSection(SolutionConfigurationPlatforms) = preSolution
		Debug|Any CPU = Debug|Any CPU
		Release|Any CPU = Release|Any CPU
	EndGlobalSection
	GlobalSection(ProjectConfigurationPlatforms) = postSolution
		{D7679B1E-8E71-4A86-912A-1CE412582764}.Debug|Any CPU.ActiveCfg = Debug|Any CPU
		{D7679B1E-8E71-4A86-912A-1CE412582764}.Debug|Any CPU.Build.0 = Debug|Any CPU
		{D7679B1E-8E71-4A86-912A-1CE412582764}.Release|Any CPU.ActiveCfg = Release|Any CPU
		{D7679B1E-8E71-4A86-912A-1CE412582764}.Release|Any CPU.Build.0 = Release|Any CPU
		{670E413D-F160-49BC-859D-A0E361E59225}.Debug|Any CPU.ActiveCfg = Debug|Any CPU
		{670E413D-F160-49BC-859D-A0E361E59225}.Debug|Any CPU.Build.0 = Debug|Any CPU
		{670E413D-F160-49BC-859D-A0E361E59225}.Release|Any CPU.ActiveCfg = Release|Any CPU
		{670E413D-F160-49BC-859D-A0E361E59225}.Release|Any CPU.Build.0 = Release|Any CPU
	EndGlobalSection
EndGlobal
